// !$*UTF8*$!
{
	archiveVersion = 1;
	classes = {
	};
	objectVersion = 50;
	objects = {

/* Begin PBXBuildFile section */
		6AA8F8CA29C060AF002592A0 /* AppDelegate.swift in Sources */ = {isa = PBXBuildFile; fileRef = 6AA8F8C929C060AF002592A0 /* AppDelegate.swift */; };
		6AA8F8CC29C060AF002592A0 /* SceneDelegate.swift in Sources */ = {isa = PBXBuildFile; fileRef = 6AA8F8CB29C060AF002592A0 /* SceneDelegate.swift */; };
		6AA8F8CE29C060AF002592A0 /* ViewController.swift in Sources */ = {isa = PBXBuildFile; fileRef = 6AA8F8CD29C060AF002592A0 /* ViewController.swift */; };
		6AA8F8D129C060AF002592A0 /* Main.storyboard in Resources */ = {isa = PBXBuildFile; fileRef = 6AA8F8CF29C060AF002592A0 /* Main.storyboard */; };
		6AA8F8D429C060AF002592A0 /* The_FoodBros.xcdatamodeld in Sources */ = {isa = PBXBuildFile; fileRef = 6AA8F8D229C060AF002592A0 /* The_FoodBros.xcdatamodeld */; };
		6AA8F8D629C060B2002592A0 /* Assets.xcassets in Resources */ = {isa = PBXBuildFile; fileRef = 6AA8F8D529C060B2002592A0 /* Assets.xcassets */; };
		6AA8F8D929C060B2002592A0 /* LaunchScreen.storyboard in Resources */ = {isa = PBXBuildFile; fileRef = 6AA8F8D729C060B2002592A0 /* LaunchScreen.storyboard */; };
		6AA8F8E429C060B2002592A0 /* The_FoodBrosTests.swift in Sources */ = {isa = PBXBuildFile; fileRef = 6AA8F8E329C060B2002592A0 /* The_FoodBrosTests.swift */; };
		6AA8F8EF29C060B2002592A0 /* The_FoodBrosUITests.swift in Sources */ = {isa = PBXBuildFile; fileRef = 6AA8F8EE29C060B2002592A0 /* The_FoodBrosUITests.swift */; };
		6AA8F90929C07358002592A0 /* User_LoginPage.swift in Sources */ = {isa = PBXBuildFile; fileRef = 6AA8F90829C07358002592A0 /* User_LoginPage.swift */; };
		6AA8F90E29C08C8E002592A0 /* Vendor_LoginPage.swift in Sources */ = {isa = PBXBuildFile; fileRef = 6AA8F90D29C08C8E002592A0 /* Vendor_LoginPage.swift */; };
		6AA8F91329C092CD002592A0 /* HomePage.swift in Sources */ = {isa = PBXBuildFile; fileRef = 6AA8F91229C092CD002592A0 /* HomePage.swift */; };
/* End PBXBuildFile section */

/* Begin PBXContainerItemProxy section */
		6AA8F8E029C060B2002592A0 /* PBXContainerItemProxy */ = {
			isa = PBXContainerItemProxy;
			containerPortal = 6AA8F8BE29C060AF002592A0 /* Project object */;
			proxyType = 1;
			remoteGlobalIDString = 6AA8F8C529C060AF002592A0;
			remoteInfo = "The FoodBros";
		};
		6AA8F8EB29C060B2002592A0 /* PBXContainerItemProxy */ = {
			isa = PBXContainerItemProxy;
			containerPortal = 6AA8F8BE29C060AF002592A0 /* Project object */;
			proxyType = 1;
			remoteGlobalIDString = 6AA8F8C529C060AF002592A0;
			remoteInfo = "The FoodBros";
		};
/* End PBXContainerItemProxy section */

/* Begin PBXFileReference section */
		6AA8F8C629C060AF002592A0 /* The FoodBros.app */ = {isa = PBXFileReference; explicitFileType = wrapper.application; includeInIndex = 0; path = "The FoodBros.app"; sourceTree = BUILT_PRODUCTS_DIR; };
		6AA8F8C929C060AF002592A0 /* AppDelegate.swift */ = {isa = PBXFileReference; lastKnownFileType = sourcecode.swift; path = AppDelegate.swift; sourceTree = "<group>"; };
		6AA8F8CB29C060AF002592A0 /* SceneDelegate.swift */ = {isa = PBXFileReference; lastKnownFileType = sourcecode.swift; path = SceneDelegate.swift; sourceTree = "<group>"; };
		6AA8F8CD29C060AF002592A0 /* ViewController.swift */ = {isa = PBXFileReference; lastKnownFileType = sourcecode.swift; path = ViewController.swift; sourceTree = "<group>"; };
		6AA8F8D029C060AF002592A0 /* Base */ = {isa = PBXFileReference; lastKnownFileType = file.storyboard; name = Base; path = Base.lproj/Main.storyboard; sourceTree = "<group>"; };
		6AA8F8D329C060AF002592A0 /* The_FoodBros.xcdatamodel */ = {isa = PBXFileReference; lastKnownFileType = wrapper.xcdatamodel; path = The_FoodBros.xcdatamodel; sourceTree = "<group>"; };
		6AA8F8D529C060B2002592A0 /* Assets.xcassets */ = {isa = PBXFileReference; lastKnownFileType = folder.assetcatalog; path = Assets.xcassets; sourceTree = "<group>"; };
		6AA8F8D829C060B2002592A0 /* Base */ = {isa = PBXFileReference; lastKnownFileType = file.storyboard; name = Base; path = Base.lproj/LaunchScreen.storyboard; sourceTree = "<group>"; };
		6AA8F8DA29C060B2002592A0 /* Info.plist */ = {isa = PBXFileReference; lastKnownFileType = text.plist.xml; path = Info.plist; sourceTree = "<group>"; };
		6AA8F8DF29C060B2002592A0 /* The FoodBrosTests.xctest */ = {isa = PBXFileReference; explicitFileType = wrapper.cfbundle; includeInIndex = 0; path = "The FoodBrosTests.xctest"; sourceTree = BUILT_PRODUCTS_DIR; };
		6AA8F8E329C060B2002592A0 /* The_FoodBrosTests.swift */ = {isa = PBXFileReference; lastKnownFileType = sourcecode.swift; path = The_FoodBrosTests.swift; sourceTree = "<group>"; };
		6AA8F8E529C060B2002592A0 /* Info.plist */ = {isa = PBXFileReference; lastKnownFileType = text.plist.xml; path = Info.plist; sourceTree = "<group>"; };
		6AA8F8EA29C060B2002592A0 /* The FoodBrosUITests.xctest */ = {isa = PBXFileReference; explicitFileType = wrapper.cfbundle; includeInIndex = 0; path = "The FoodBrosUITests.xctest"; sourceTree = BUILT_PRODUCTS_DIR; };
		6AA8F8EE29C060B2002592A0 /* The_FoodBrosUITests.swift */ = {isa = PBXFileReference; lastKnownFileType = sourcecode.swift; path = The_FoodBrosUITests.swift; sourceTree = "<group>"; };
		6AA8F8F029C060B2002592A0 /* Info.plist */ = {isa = PBXFileReference; lastKnownFileType = text.plist.xml; path = Info.plist; sourceTree = "<group>"; };
		6AA8F90829C07358002592A0 /* User_LoginPage.swift */ = {isa = PBXFileReference; lastKnownFileType = sourcecode.swift; path = User_LoginPage.swift; sourceTree = "<group>"; };
		6AA8F90D29C08C8E002592A0 /* Vendor_LoginPage.swift */ = {isa = PBXFileReference; lastKnownFileType = sourcecode.swift; path = Vendor_LoginPage.swift; sourceTree = "<group>"; };
		6AA8F91229C092CD002592A0 /* HomePage.swift */ = {isa = PBXFileReference; lastKnownFileType = sourcecode.swift; path = HomePage.swift; sourceTree = "<group>"; };
/* End PBXFileReference section */

/* Begin PBXFrameworksBuildPhase section */
		6AA8F8C329C060AF002592A0 /* Frameworks */ = {
			isa = PBXFrameworksBuildPhase;
			buildActionMask = 2147483647;
			files = (
			);
			runOnlyForDeploymentPostprocessing = 0;
		};
		6AA8F8DC29C060B2002592A0 /* Frameworks */ = {
			isa = PBXFrameworksBuildPhase;
			buildActionMask = 2147483647;
			files = (
			);
			runOnlyForDeploymentPostprocessing = 0;
		};
		6AA8F8E729C060B2002592A0 /* Frameworks */ = {
			isa = PBXFrameworksBuildPhase;
			buildActionMask = 2147483647;
			files = (
			);
			runOnlyForDeploymentPostprocessing = 0;
		};
/* End PBXFrameworksBuildPhase section */

/* Begin PBXGroup section */
		6AA8F8BD29C060AF002592A0 = {
			isa = PBXGroup;
			children = (
				6AA8F8C829C060AF002592A0 /* The FoodBros */,
				6AA8F8E229C060B2002592A0 /* The FoodBrosTests */,
				6AA8F8ED29C060B2002592A0 /* The FoodBrosUITests */,
				6AA8F8C729C060AF002592A0 /* Products */,
			);
			sourceTree = "<group>";
		};
		6AA8F8C729C060AF002592A0 /* Products */ = {
			isa = PBXGroup;
			children = (
				6AA8F8C629C060AF002592A0 /* The FoodBros.app */,
				6AA8F8DF29C060B2002592A0 /* The FoodBrosTests.xctest */,
				6AA8F8EA29C060B2002592A0 /* The FoodBrosUITests.xctest */,
			);
			name = Products;
			sourceTree = "<group>";
		};
		6AA8F8C829C060AF002592A0 /* The FoodBros */ = {
			isa = PBXGroup;
			children = (
				6AA8F8C929C060AF002592A0 /* AppDelegate.swift */,
				6AA8F8CB29C060AF002592A0 /* SceneDelegate.swift */,
				6AA8F8CD29C060AF002592A0 /* ViewController.swift */,
				6AA8F8CF29C060AF002592A0 /* Main.storyboard */,
				6AA8F90D29C08C8E002592A0 /* Vendor_LoginPage.swift */,
				6AA8F91229C092CD002592A0 /* HomePage.swift */,
				6AA8F90829C07358002592A0 /* User_LoginPage.swift */,
				6AA8F8D529C060B2002592A0 /* Assets.xcassets */,
				6AA8F8D729C060B2002592A0 /* LaunchScreen.storyboard */,
				6AA8F8DA29C060B2002592A0 /* Info.plist */,
				6AA8F8D229C060AF002592A0 /* The_FoodBros.xcdatamodeld */,
			);
			path = "The FoodBros";
			sourceTree = "<group>";
		};
		6AA8F8E229C060B2002592A0 /* The FoodBrosTests */ = {
			isa = PBXGroup;
			children = (
				6AA8F8E329C060B2002592A0 /* The_FoodBrosTests.swift */,
				6AA8F8E529C060B2002592A0 /* Info.plist */,
			);
			path = "The FoodBrosTests";
			sourceTree = "<group>";
		};
		6AA8F8ED29C060B2002592A0 /* The FoodBrosUITests */ = {
			isa = PBXGroup;
			children = (
				6AA8F8EE29C060B2002592A0 /* The_FoodBrosUITests.swift */,
				6AA8F8F029C060B2002592A0 /* Info.plist */,
			);
			path = "The FoodBrosUITests";
			sourceTree = "<group>";
		};
/* End PBXGroup section */

/* Begin PBXNativeTarget section */
		6AA8F8C529C060AF002592A0 /* The FoodBros */ = {
			isa = PBXNativeTarget;
			buildConfigurationList = 6AA8F8F329C060B2002592A0 /* Build configuration list for PBXNativeTarget "The FoodBros" */;
			buildPhases = (
				6AA8F8C229C060AF002592A0 /* Sources */,
				6AA8F8C329C060AF002592A0 /* Frameworks */,
				6AA8F8C429C060AF002592A0 /* Resources */,
			);
			buildRules = (
			);
			dependencies = (
			);
			name = "The FoodBros";
			productName = "The FoodBros";
			productReference = 6AA8F8C629C060AF002592A0 /* The FoodBros.app */;
			productType = "com.apple.product-type.application";
		};
		6AA8F8DE29C060B2002592A0 /* The FoodBrosTests */ = {
			isa = PBXNativeTarget;
			buildConfigurationList = 6AA8F8F629C060B2002592A0 /* Build configuration list for PBXNativeTarget "The FoodBrosTests" */;
			buildPhases = (
				6AA8F8DB29C060B2002592A0 /* Sources */,
				6AA8F8DC29C060B2002592A0 /* Frameworks */,
				6AA8F8DD29C060B2002592A0 /* Resources */,
			);
			buildRules = (
			);
			dependencies = (
				6AA8F8E129C060B2002592A0 /* PBXTargetDependency */,
			);
			name = "The FoodBrosTests";
			productName = "The FoodBrosTests";
			productReference = 6AA8F8DF29C060B2002592A0 /* The FoodBrosTests.xctest */;
			productType = "com.apple.product-type.bundle.unit-test";
		};
		6AA8F8E929C060B2002592A0 /* The FoodBrosUITests */ = {
			isa = PBXNativeTarget;
			buildConfigurationList = 6AA8F8F929C060B2002592A0 /* Build configuration list for PBXNativeTarget "The FoodBrosUITests" */;
			buildPhases = (
				6AA8F8E629C060B2002592A0 /* Sources */,
				6AA8F8E729C060B2002592A0 /* Frameworks */,
				6AA8F8E829C060B2002592A0 /* Resources */,
			);
			buildRules = (
			);
			dependencies = (
				6AA8F8EC29C060B2002592A0 /* PBXTargetDependency */,
			);
			name = "The FoodBrosUITests";
			productName = "The FoodBrosUITests";
			productReference = 6AA8F8EA29C060B2002592A0 /* The FoodBrosUITests.xctest */;
			productType = "com.apple.product-type.bundle.ui-testing";
		};
/* End PBXNativeTarget section */

/* Begin PBXProject section */
		6AA8F8BE29C060AF002592A0 /* Project object */ = {
			isa = PBXProject;
			attributes = {
				LastSwiftUpdateCheck = 1200;
				LastUpgradeCheck = 1200;
				TargetAttributes = {
					6AA8F8C529C060AF002592A0 = {
						CreatedOnToolsVersion = 12.0;
					};
					6AA8F8DE29C060B2002592A0 = {
						CreatedOnToolsVersion = 12.0;
						TestTargetID = 6AA8F8C529C060AF002592A0;
					};
					6AA8F8E929C060B2002592A0 = {
						CreatedOnToolsVersion = 12.0;
						TestTargetID = 6AA8F8C529C060AF002592A0;
					};
				};
			};
			buildConfigurationList = 6AA8F8C129C060AF002592A0 /* Build configuration list for PBXProject "The FoodBros" */;
			compatibilityVersion = "Xcode 9.3";
			developmentRegion = en;
			hasScannedForEncodings = 0;
			knownRegions = (
				en,
				Base,
			);
			mainGroup = 6AA8F8BD29C060AF002592A0;
			productRefGroup = 6AA8F8C729C060AF002592A0 /* Products */;
			projectDirPath = "";
			projectRoot = "";
			targets = (
				6AA8F8C529C060AF002592A0 /* The FoodBros */,
				6AA8F8DE29C060B2002592A0 /* The FoodBrosTests */,
				6AA8F8E929C060B2002592A0 /* The FoodBrosUITests */,
			);
		};
/* End PBXProject section */

/* Begin PBXResourcesBuildPhase section */
		6AA8F8C429C060AF002592A0 /* Resources */ = {
			isa = PBXResourcesBuildPhase;
			buildActionMask = 2147483647;
			files = (
				6AA8F8D929C060B2002592A0 /* LaunchScreen.storyboard in Resources */,
				6AA8F8D629C060B2002592A0 /* Assets.xcassets in Resources */,
				6AA8F8D129C060AF002592A0 /* Main.storyboard in Resources */,
			);
			runOnlyForDeploymentPostprocessing = 0;
		};
		6AA8F8DD29C060B2002592A0 /* Resources */ = {
			isa = PBXResourcesBuildPhase;
			buildActionMask = 2147483647;
			files = (
			);
			runOnlyForDeploymentPostprocessing = 0;
		};
		6AA8F8E829C060B2002592A0 /* Resources */ = {
			isa = PBXResourcesBuildPhase;
			buildActionMask = 2147483647;
			files = (
			);
			runOnlyForDeploymentPostprocessing = 0;
		};
/* End PBXResourcesBuildPhase section */

/* Begin PBXSourcesBuildPhase section */
		6AA8F8C229C060AF002592A0 /* Sources */ = {
			isa = PBXSourcesBuildPhase;
			buildActionMask = 2147483647;
			files = (
				6AA8F8CE29C060AF002592A0 /* ViewController.swift in Sources */,
				6AA8F8CA29C060AF002592A0 /* AppDelegate.swift in Sources */,
				6AA8F90929C07358002592A0 /* User_LoginPage.swift in Sources */,
				6AA8F8CC29C060AF002592A0 /* SceneDelegate.swift in Sources */,
				6AA8F90E29C08C8E002592A0 /* Vendor_LoginPage.swift in Sources */,
				6AA8F91329C092CD002592A0 /* HomePage.swift in Sources */,
				6AA8F8D429C060AF002592A0 /* The_FoodBros.xcdatamodeld in Sources */,
			);
			runOnlyForDeploymentPostprocessing = 0;
		};
		6AA8F8DB29C060B2002592A0 /* Sources */ = {
			isa = PBXSourcesBuildPhase;
			buildActionMask = 2147483647;
			files = (
				6AA8F8E429C060B2002592A0 /* The_FoodBrosTests.swift in Sources */,
			);
			runOnlyForDeploymentPostprocessing = 0;
		};
		6AA8F8E629C060B2002592A0 /* Sources */ = {
			isa = PBXSourcesBuildPhase;
			buildActionMask = 2147483647;
			files = (
				6AA8F8EF29C060B2002592A0 /* The_FoodBrosUITests.swift in Sources */,
			);
			runOnlyForDeploymentPostprocessing = 0;
		};
/* End PBXSourcesBuildPhase section */

/* Begin PBXTargetDependency section */
		6AA8F8E129C060B2002592A0 /* PBXTargetDependency */ = {
			isa = PBXTargetDependency;
			target = 6AA8F8C529C060AF002592A0 /* The FoodBros */;
			targetProxy = 6AA8F8E029C060B2002592A0 /* PBXContainerItemProxy */;
		};
		6AA8F8EC29C060B2002592A0 /* PBXTargetDependency */ = {
			isa = PBXTargetDependency;
			target = 6AA8F8C529C060AF002592A0 /* The FoodBros */;
			targetProxy = 6AA8F8EB29C060B2002592A0 /* PBXContainerItemProxy */;
		};
/* End PBXTargetDependency section */

/* Begin PBXVariantGroup section */
		6AA8F8CF29C060AF002592A0 /* Main.storyboard */ = {
			isa = PBXVariantGroup;
			children = (
				6AA8F8D029C060AF002592A0 /* Base */,
			);
			name = Main.storyboard;
			sourceTree = "<group>";
		};
		6AA8F8D729C060B2002592A0 /* LaunchScreen.storyboard */ = {
			isa = PBXVariantGroup;
			children = (
				6AA8F8D829C060B2002592A0 /* Base */,
			);
			name = LaunchScreen.storyboard;
			sourceTree = "<group>";
		};
/* End PBXVariantGroup section */

/* Begin XCBuildConfiguration section */
		6AA8F8F129C060B2002592A0 /* Debug */ = {
			isa = XCBuildConfiguration;
			buildSettings = {
				ALWAYS_SEARCH_USER_PATHS = NO;
				CLANG_ANALYZER_NONNULL = YES;
				CLANG_ANALYZER_NUMBER_OBJECT_CONVERSION = YES_AGGRESSIVE;
				CLANG_CXX_LANGUAGE_STANDARD = "gnu++14";
				CLANG_CXX_LIBRARY = "libc++";
				CLANG_ENABLE_MODULES = YES;
				CLANG_ENABLE_OBJC_ARC = YES;
				CLANG_ENABLE_OBJC_WEAK = YES;
				CLANG_WARN_BLOCK_CAPTURE_AUTORELEASING = YES;
				CLANG_WARN_BOOL_CONVERSION = YES;
				CLANG_WARN_COMMA = YES;
				CLANG_WARN_CONSTANT_CONVERSION = YES;
				CLANG_WARN_DEPRECATED_OBJC_IMPLEMENTATIONS = YES;
				CLANG_WARN_DIRECT_OBJC_ISA_USAGE = YES_ERROR;
				CLANG_WARN_DOCUMENTATION_COMMENTS = YES;
				CLANG_WARN_EMPTY_BODY = YES;
				CLANG_WARN_ENUM_CONVERSION = YES;
				CLANG_WARN_INFINITE_RECURSION = YES;
				CLANG_WARN_INT_CONVERSION = YES;
				CLANG_WARN_NON_LITERAL_NULL_CONVERSION = YES;
				CLANG_WARN_OBJC_IMPLICIT_RETAIN_SELF = YES;
				CLANG_WARN_OBJC_LITERAL_CONVERSION = YES;
				CLANG_WARN_OBJC_ROOT_CLASS = YES_ERROR;
				CLANG_WARN_QUOTED_INCLUDE_IN_FRAMEWORK_HEADER = YES;
				CLANG_WARN_RANGE_LOOP_ANALYSIS = YES;
				CLANG_WARN_STRICT_PROTOTYPES = YES;
				CLANG_WARN_SUSPICIOUS_MOVE = YES;
				CLANG_WARN_UNGUARDED_AVAILABILITY = YES_AGGRESSIVE;
				CLANG_WARN_UNREACHABLE_CODE = YES;
				CLANG_WARN__DUPLICATE_METHOD_MATCH = YES;
				COPY_PHASE_STRIP = NO;
				DEBUG_INFORMATION_FORMAT = dwarf;
				ENABLE_STRICT_OBJC_MSGSEND = YES;
				ENABLE_TESTABILITY = YES;
				GCC_C_LANGUAGE_STANDARD = gnu11;
				GCC_DYNAMIC_NO_PIC = NO;
				GCC_NO_COMMON_BLOCKS = YES;
				GCC_OPTIMIZATION_LEVEL = 0;
				GCC_PREPROCESSOR_DEFINITIONS = (
					"DEBUG=1",
					"$(inherited)",
				);
				GCC_WARN_64_TO_32_BIT_CONVERSION = YES;
				GCC_WARN_ABOUT_RETURN_TYPE = YES_ERROR;
				GCC_WARN_UNDECLARED_SELECTOR = YES;
				GCC_WARN_UNINITIALIZED_AUTOS = YES_AGGRESSIVE;
				GCC_WARN_UNUSED_FUNCTION = YES;
				GCC_WARN_UNUSED_VARIABLE = YES;
				IPHONEOS_DEPLOYMENT_TARGET = 14.0;
				MTL_ENABLE_DEBUG_INFO = INCLUDE_SOURCE;
				MTL_FAST_MATH = YES;
				ONLY_ACTIVE_ARCH = YES;
				SDKROOT = iphoneos;
				SWIFT_ACTIVE_COMPILATION_CONDITIONS = DEBUG;
				SWIFT_OPTIMIZATION_LEVEL = "-Onone";
			};
			name = Debug;
		};
		6AA8F8F229C060B2002592A0 /* Release */ = {
			isa = XCBuildConfiguration;
			buildSettings = {
				ALWAYS_SEARCH_USER_PATHS = NO;
				CLANG_ANALYZER_NONNULL = YES;
				CLANG_ANALYZER_NUMBER_OBJECT_CONVERSION = YES_AGGRESSIVE;
				CLANG_CXX_LANGUAGE_STANDARD = "gnu++14";
				CLANG_CXX_LIBRARY = "libc++";
				CLANG_ENABLE_MODULES = YES;
				CLANG_ENABLE_OBJC_ARC = YES;
				CLANG_ENABLE_OBJC_WEAK = YES;
				CLANG_WARN_BLOCK_CAPTURE_AUTORELEASING = YES;
				CLANG_WARN_BOOL_CONVERSION = YES;
				CLANG_WARN_COMMA = YES;
				CLANG_WARN_CONSTANT_CONVERSION = YES;
				CLANG_WARN_DEPRECATED_OBJC_IMPLEMENTATIONS = YES;
				CLANG_WARN_DIRECT_OBJC_ISA_USAGE = YES_ERROR;
				CLANG_WARN_DOCUMENTATION_COMMENTS = YES;
				CLANG_WARN_EMPTY_BODY = YES;
				CLANG_WARN_ENUM_CONVERSION = YES;
				CLANG_WARN_INFINITE_RECURSION = YES;
				CLANG_WARN_INT_CONVERSION = YES;
				CLANG_WARN_NON_LITERAL_NULL_CONVERSION = YES;
				CLANG_WARN_OBJC_IMPLICIT_RETAIN_SELF = YES;
				CLANG_WARN_OBJC_LITERAL_CONVERSION = YES;
				CLANG_WARN_OBJC_ROOT_CLASS = YES_ERROR;
				CLANG_WARN_QUOTED_INCLUDE_IN_FRAMEWORK_HEADER = YES;
				CLANG_WARN_RANGE_LOOP_ANALYSIS = YES;
				CLANG_WARN_STRICT_PROTOTYPES = YES;
				CLANG_WARN_SUSPICIOUS_MOVE = YES;
				CLANG_WARN_UNGUARDED_AVAILABILITY = YES_AGGRESSIVE;
				CLANG_WARN_UNREACHABLE_CODE = YES;
				CLANG_WARN__DUPLICATE_METHOD_MATCH = YES;
				COPY_PHASE_STRIP = NO;
				DEBUG_INFORMATION_FORMAT = "dwarf-with-dsym";
				ENABLE_NS_ASSERTIONS = NO;
				ENABLE_STRICT_OBJC_MSGSEND = YES;
				GCC_C_LANGUAGE_STANDARD = gnu11;
				GCC_NO_COMMON_BLOCKS = YES;
				GCC_WARN_64_TO_32_BIT_CONVERSION = YES;
				GCC_WARN_ABOUT_RETURN_TYPE = YES_ERROR;
				GCC_WARN_UNDECLARED_SELECTOR = YES;
				GCC_WARN_UNINITIALIZED_AUTOS = YES_AGGRESSIVE;
				GCC_WARN_UNUSED_FUNCTION = YES;
				GCC_WARN_UNUSED_VARIABLE = YES;
				IPHONEOS_DEPLOYMENT_TARGET = 14.0;
				MTL_ENABLE_DEBUG_INFO = NO;
				MTL_FAST_MATH = YES;
				SDKROOT = iphoneos;
				SWIFT_COMPILATION_MODE = wholemodule;
				SWIFT_OPTIMIZATION_LEVEL = "-O";
				VALIDATE_PRODUCT = YES;
			};
			name = Release;
		};
		6AA8F8F429C060B2002592A0 /* Debug */ = {
			isa = XCBuildConfiguration;
			buildSettings = {
				ASSETCATALOG_COMPILER_APPICON_NAME = AppIcon;
				ASSETCATALOG_COMPILER_GLOBAL_ACCENT_COLOR_NAME = AccentColor;
				CODE_SIGN_STYLE = Automatic;
				INFOPLIST_FILE = "The FoodBros/Info.plist";
				LD_RUNPATH_SEARCH_PATHS = (
					"$(inherited)",
					"@executable_path/Frameworks",
				);
				PRODUCT_BUNDLE_IDENTIFIER = "test.The-FoodBros";
				PRODUCT_NAME = "$(TARGET_NAME)";
				SWIFT_VERSION = 5.0;
				TARGETED_DEVICE_FAMILY = "1,2";
			};
			name = Debug;
		};
		6AA8F8F529C060B2002592A0 /* Release */ = {
			isa = XCBuildConfiguration;
			buildSettings = {
				ASSETCATALOG_COMPILER_APPICON_NAME = AppIcon;
				ASSETCATALOG_COMPILER_GLOBAL_ACCENT_COLOR_NAME = AccentColor;
				CODE_SIGN_STYLE = Automatic;
				INFOPLIST_FILE = "The FoodBros/Info.plist";
				LD_RUNPATH_SEARCH_PATHS = (
					"$(inherited)",
					"@executable_path/Frameworks",
				);
				PRODUCT_BUNDLE_IDENTIFIER = "test.The-FoodBros";
				PRODUCT_NAME = "$(TARGET_NAME)";
				SWIFT_VERSION = 5.0;
				TARGETED_DEVICE_FAMILY = "1,2";
			};
			name = Release;
		};
		6AA8F8F729C060B2002592A0 /* Debug */ = {
			isa = XCBuildConfiguration;
			buildSettings = {
				ALWAYS_EMBED_SWIFT_STANDARD_LIBRARIES = YES;
				BUNDLE_LOADER = "$(TEST_HOST)";
				CODE_SIGN_STYLE = Automatic;
				INFOPLIST_FILE = "The FoodBrosTests/Info.plist";
				IPHONEOS_DEPLOYMENT_TARGET = 14.0;
				LD_RUNPATH_SEARCH_PATHS = (
					"$(inherited)",
					"@executable_path/Frameworks",
					"@loader_path/Frameworks",
				);
				PRODUCT_BUNDLE_IDENTIFIER = "test.The-FoodBrosTests";
				PRODUCT_NAME = "$(TARGET_NAME)";
				SWIFT_VERSION = 5.0;
				TARGETED_DEVICE_FAMILY = "1,2";
				TEST_HOST = "$(BUILT_PRODUCTS_DIR)/The FoodBros.app/The FoodBros";
			};
			name = Debug;
		};
		6AA8F8F829C060B2002592A0 /* Release */ = {
			isa = XCBuildConfiguration;
			buildSettings = {
				ALWAYS_EMBED_SWIFT_STANDARD_LIBRARIES = YES;
				BUNDLE_LOADER = "$(TEST_HOST)";
				CODE_SIGN_STYLE = Automatic;
				INFOPLIST_FILE = "The FoodBrosTests/Info.plist";
				IPHONEOS_DEPLOYMENT_TARGET = 14.0;
				LD_RUNPATH_SEARCH_PATHS = (
					"$(inherited)",
					"@executable_path/Frameworks",
					"@loader_path/Frameworks",
				);
				PRODUCT_BUNDLE_IDENTIFIER = "test.The-FoodBrosTests";
				PRODUCT_NAME = "$(TARGET_NAME)";
				SWIFT_VERSION = 5.0;
				TARGETED_DEVICE_FAMILY = "1,2";
				TEST_HOST = "$(BUILT_PRODUCTS_DIR)/The FoodBros.app/The FoodBros";
			};
			name = Release;
		};
		6AA8F8FA29C060B2002592A0 /* Debug */ = {
			isa = XCBuildConfiguration;
			buildSettings = {
				ALWAYS_EMBED_SWIFT_STANDARD_LIBRARIES = YES;
				CODE_SIGN_STYLE = Automatic;
				INFOPLIST_FILE = "The FoodBrosUITests/Info.plist";
				LD_RUNPATH_SEARCH_PATHS = (
					"$(inherited)",
					"@executable_path/Frameworks",
					"@loader_path/Frameworks",
				);
				PRODUCT_BUNDLE_IDENTIFIER = "test.The-FoodBrosUITests";
				PRODUCT_NAME = "$(TARGET_NAME)";
				SWIFT_VERSION = 5.0;
				TARGETED_DEVICE_FAMILY = "1,2";
				TEST_TARGET_NAME = "The FoodBros";
			};
			name = Debug;
		};
		6AA8F8FB29C060B2002592A0 /* Release */ = {
			isa = XCBuildConfiguration;
			buildSettings = {
				ALWAYS_EMBED_SWIFT_STANDARD_LIBRARIES = YES;
				CODE_SIGN_STYLE = Automatic;
				INFOPLIST_FILE = "The FoodBrosUITests/Info.plist";
				LD_RUNPATH_SEARCH_PATHS = (
					"$(inherited)",
					"@executable_path/Frameworks",
					"@loader_path/Frameworks",
				);
				PRODUCT_BUNDLE_IDENTIFIER = "test.The-FoodBrosUITests";
				PRODUCT_NAME = "$(TARGET_NAME)";
				SWIFT_VERSION = 5.0;
				TARGETED_DEVICE_FAMILY = "1,2";
				TEST_TARGET_NAME = "The FoodBros";
			};
			name = Release;
		};
/* End XCBuildConfiguration section */

/* Begin XCConfigurationList section */
		6AA8F8C129C060AF002592A0 /* Build configuration list for PBXProject "The FoodBros" */ = {
			isa = XCConfigurationList;
			buildConfigurations = (
				6AA8F8F129C060B2002592A0 /* Debug */,
				6AA8F8F229C060B2002592A0 /* Release */,
			);
			defaultConfigurationIsVisible = 0;
			defaultConfigurationName = Release;
		};
		6AA8F8F329C060B2002592A0 /* Build configuration list for PBXNativeTarget "The FoodBros" */ = {
			isa = XCConfigurationList;
			buildConfigurations = (
				6AA8F8F429C060B2002592A0 /* Debug */,
				6AA8F8F529C060B2002592A0 /* Release */,
			);
			defaultConfigurationIsVisible = 0;
			defaultConfigurationName = Release;
		};
		6AA8F8F629C060B2002592A0 /* Build configuration list for PBXNativeTarget "The FoodBrosTests" */ = {
			isa = XCConfigurationList;
			buildConfigurations = (
				6AA8F8F729C060B2002592A0 /* Debug */,
				6AA8F8F829C060B2002592A0 /* Release */,
			);
			defaultConfigurationIsVisible = 0;
			defaultConfigurationName = Release;
		};
		6AA8F8F929C060B2002592A0 /* Build configuration list for PBXNativeTarget "The FoodBrosUITests" */ = {
			isa = XCConfigurationList;
			buildConfigurations = (
				6AA8F8FA29C060B2002592A0 /* Debug */,
				6AA8F8FB29C060B2002592A0 /* Release */,
			);
			defaultConfigurationIsVisible = 0;
			defaultConfigurationName = Release;
		};
/* End XCConfigurationList section */

/* Begin XCVersionGroup section */
		6AA8F8D229C060AF002592A0 /* The_FoodBros.xcdatamodeld */ = {
			isa = XCVersionGroup;
			children = (
				6AA8F8D329C060AF002592A0 /* The_FoodBros.xcdatamodel */,
			);
			currentVersion = 6AA8F8D329C060AF002592A0 /* The_FoodBros.xcdatamodel */;
			path = The_FoodBros.xcdatamodeld;
			sourceTree = "<group>";
			versionGroupType = wrapper.xcdatamodel;
		};
/* End XCVersionGroup section */
	};
	rootObject = 6AA8F8BE29C060AF002592A0 /* Project object */;
}
